
Microsoft Visual Studio Solution File, Format Version 12.00
# Visual Studio 15
VisualStudioVersion = 15.0.28307.705
MinimumVisualStudioVersion = 10.0.40219.1
Project("{FAE04EC0-301F-11D3-BF4B-00C04F79EFBC}") = "Zbw.Project.Testat", "Zbw.Project.Testat\Zbw.Project.Testat.csproj", "{1E7D0507-1D40-4973-A01B-FCADB5C5ABD4}"
EndProject
Project("{FAE04EC0-301F-11D3-BF4B-00C04F79EFBC}") = "Test", "Test\Test.csproj", "{B56AEF08-076D-4333-85B6-241E23902316}"
EndProject
Global
	GlobalSection(SolutionConfigurationPlatforms) = preSolution
		Debug|Any CPU = Debug|Any CPU
		Release|Any CPU = Release|Any CPU
	EndGlobalSection
	GlobalSection(ProjectConfigurationPlatforms) = postSolution
		{1E7D0507-1D40-4973-A01B-FCADB5C5ABD4}.Debug|Any CPU.ActiveCfg = Debug|Any CPU
		{1E7D0507-1D40-4973-A01B-FCADB5C5ABD4}.Debug|Any CPU.Build.0 = Debug|Any CPU
		{1E7D0507-1D40-4973-A01B-FCADB5C5ABD4}.Release|Any CPU.ActiveCfg = Release|Any CPU
		{1E7D0507-1D40-4973-A01B-FCADB5C5ABD4}.Release|Any CPU.Build.0 = Release|Any CPU
		{B56AEF08-076D-4333-85B6-241E23902316}.Debug|Any CPU.ActiveCfg = Debug|Any CPU
		{B56AEF08-076D-4333-85B6-241E23902316}.Debug|Any CPU.Build.0 = Debug|Any CPU
		{B56AEF08-076D-4333-85B6-241E23902316}.Release|Any CPU.ActiveCfg = Release|Any CPU
		{B56AEF08-076D-4333-85B6-241E23902316}.Release|Any CPU.Build.0 = Release|Any CPU
	EndGlobalSection
	GlobalSection(SolutionProperties) = preSolution
		HideSolutionNode = FALSE
	EndGlobalSection
	GlobalSection(ExtensibilityGlobals) = postSolution
		SolutionGuid = {4616BEEE-2C65-4B6D-99A5-BC1FB4831A4F}
	EndGlobalSection
EndGlobal
